
Microsoft Visual Studio Solution File, Format Version 12.00
# Visual Studio Version 17
VisualStudioVersion = 17.14.36414.22 d17.14
MinimumVisualStudioVersion = 10.0.40219.1
Project("{2150E333-8FDC-42A3-9474-1A3956D46DE8}") = "Task0", "Task0", "{36D591C7-65C7-A0D1-1CBC-10CDE441BDC8}"
EndProject
Project("{FAE04EC0-301F-11D3-BF4B-00C04F79EFBC}") = "Tyuiu.NikitinRYu.Sprint1.Task0.V16", "Tyuiu.NikitinRYu.Sprint1.Task0.V16\Tyuiu.NikitinRYu.Sprint1.Task0.V16.csproj", "{1F89C1BF-AAA7-4BC3-9366-6C6F0BFCBE5E}"
EndProject
Project("{FAE04EC0-301F-11D3-BF4B-00C04F79EFBC}") = "Tyuiu.NikitinRYu.Sprint1.Task0.V16.Lib", "Tyuiu.NikitinRYu.Sprint1.Task0.V16.Lib\Tyuiu.NikitinRYu.Sprint1.Task0.V16.Lib.csproj", "{4D66F17C-4D05-49B2-BC88-7488830F9819}"
EndProject
Project("{FAE04EC0-301F-11D3-BF4B-00C04F79EFBC}") = "Tyuiu.NikitinRYu.Sprint1.Task0.V16.Test", "Tyuiu.NikitinRYu.Sprint1.Task0.V16.Test\Tyuiu.NikitinRYu.Sprint1.Task0.V16.Test.csproj", "{3445441F-D168-4257-90F2-70B90B33A09C}"
EndProject
Project("{2150E333-8FDC-42A3-9474-1A3956D46DE8}") = "Task1", "Task1", "{A2B69A2E-0FFD-47CD-8591-43EE1E430081}"
EndProject
Project("{FAE04EC0-301F-11D3-BF4B-00C04F79EFBC}") = "Tyuiu.NikitinRYu.Sprint1.Task1.V30", "Tyuiu.NikitinRYu.Sprint1.Task1.V30\Tyuiu.NikitinRYu.Sprint1.Task1.V30.csproj", "{2AFD583B-0E50-4630-B0F6-48C27CE4520C}"
EndProject
Project("{FAE04EC0-301F-11D3-BF4B-00C04F79EFBC}") = "Tyuiu.NikitinRYu.Sprint1.Task1.V30.Lib", "Tyuiu.NikitinRYu.Sprint1.Task1.V30.Lib\Tyuiu.NikitinRYu.Sprint1.Task1.V30.Lib.csproj", "{140F2BEF-22EC-4F83-B3ED-EE2DB7B2DA4B}"
EndProject
Project("{FAE04EC0-301F-11D3-BF4B-00C04F79EFBC}") = "Tyuiu.NikitinRYu.Sprint1.Task1.V30.Test", "Tyuiu.NikitinRYu.Sprint1.Task1.V30.Test\Tyuiu.NikitinRYu.Sprint1.Task1.V30.Test.csproj", "{72105BDC-F8CA-483C-B8B4-4406481D1187}"
EndProject
Global
	GlobalSection(SolutionConfigurationPlatforms) = preSolution
		Debug|Any CPU = Debug|Any CPU
		Release|Any CPU = Release|Any CPU
	EndGlobalSection
	GlobalSection(ProjectConfigurationPlatforms) = postSolution
		{1F89C1BF-AAA7-4BC3-9366-6C6F0BFCBE5E}.Debug|Any CPU.ActiveCfg = Debug|Any CPU
		{1F89C1BF-AAA7-4BC3-9366-6C6F0BFCBE5E}.Debug|Any CPU.Build.0 = Debug|Any CPU
		{1F89C1BF-AAA7-4BC3-9366-6C6F0BFCBE5E}.Release|Any CPU.ActiveCfg = Release|Any CPU
		{1F89C1BF-AAA7-4BC3-9366-6C6F0BFCBE5E}.Release|Any CPU.Build.0 = Release|Any CPU
		{4D66F17C-4D05-49B2-BC88-7488830F9819}.Debug|Any CPU.ActiveCfg = Debug|Any CPU
		{4D66F17C-4D05-49B2-BC88-7488830F9819}.Debug|Any CPU.Build.0 = Debug|Any CPU
		{4D66F17C-4D05-49B2-BC88-7488830F9819}.Release|Any CPU.ActiveCfg = Release|Any CPU
		{4D66F17C-4D05-49B2-BC88-7488830F9819}.Release|Any CPU.Build.0 = Release|Any CPU
		{3445441F-D168-4257-90F2-70B90B33A09C}.Debug|Any CPU.ActiveCfg = Debug|Any CPU
		{3445441F-D168-4257-90F2-70B90B33A09C}.Debug|Any CPU.Build.0 = Debug|Any CPU
		{3445441F-D168-4257-90F2-70B90B33A09C}.Release|Any CPU.ActiveCfg = Release|Any CPU
		{3445441F-D168-4257-90F2-70B90B33A09C}.Release|Any CPU.Build.0 = Release|Any CPU
		{2AFD583B-0E50-4630-B0F6-48C27CE4520C}.Debug|Any CPU.ActiveCfg = Debug|Any CPU
		{2AFD583B-0E50-4630-B0F6-48C27CE4520C}.Debug|Any CPU.Build.0 = Debug|Any CPU
		{2AFD583B-0E50-4630-B0F6-48C27CE4520C}.Release|Any CPU.ActiveCfg = Release|Any CPU
		{2AFD583B-0E50-4630-B0F6-48C27CE4520C}.Release|Any CPU.Build.0 = Release|Any CPU
		{140F2BEF-22EC-4F83-B3ED-EE2DB7B2DA4B}.Debug|Any CPU.ActiveCfg = Debug|Any CPU
		{140F2BEF-22EC-4F83-B3ED-EE2DB7B2DA4B}.Debug|Any CPU.Build.0 = Debug|Any CPU
		{140F2BEF-22EC-4F83-B3ED-EE2DB7B2DA4B}.Release|Any CPU.ActiveCfg = Release|Any CPU
		{140F2BEF-22EC-4F83-B3ED-EE2DB7B2DA4B}.Release|Any CPU.Build.0 = Release|Any CPU
		{72105BDC-F8CA-483C-B8B4-4406481D1187}.Debug|Any CPU.ActiveCfg = Debug|Any CPU
		{72105BDC-F8CA-483C-B8B4-4406481D1187}.Debug|Any CPU.Build.0 = Debug|Any CPU
		{72105BDC-F8CA-483C-B8B4-4406481D1187}.Release|Any CPU.ActiveCfg = Release|Any CPU
		{72105BDC-F8CA-483C-B8B4-4406481D1187}.Release|Any CPU.Build.0 = Release|Any CPU
	EndGlobalSection
	GlobalSection(SolutionProperties) = preSolution
		HideSolutionNode = FALSE
	EndGlobalSection
	GlobalSection(NestedProjects) = preSolution
		{1F89C1BF-AAA7-4BC3-9366-6C6F0BFCBE5E} = {36D591C7-65C7-A0D1-1CBC-10CDE441BDC8}
		{4D66F17C-4D05-49B2-BC88-7488830F9819} = {36D591C7-65C7-A0D1-1CBC-10CDE441BDC8}
		{3445441F-D168-4257-90F2-70B90B33A09C} = {36D591C7-65C7-A0D1-1CBC-10CDE441BDC8}
		{2AFD583B-0E50-4630-B0F6-48C27CE4520C} = {A2B69A2E-0FFD-47CD-8591-43EE1E430081}
		{140F2BEF-22EC-4F83-B3ED-EE2DB7B2DA4B} = {A2B69A2E-0FFD-47CD-8591-43EE1E430081}
		{72105BDC-F8CA-483C-B8B4-4406481D1187} = {A2B69A2E-0FFD-47CD-8591-43EE1E430081}
	EndGlobalSection
	GlobalSection(ExtensibilityGlobals) = postSolution
		SolutionGuid = {799E9497-9908-4179-9268-0F42A05D52E3}
	EndGlobalSection
EndGlobal
